<?xml version="1.0" encoding="utf-8"?>
<Project ToolsVersion="4.0" xmlns="http://schemas.microsoft.com/developer/msbuild/2003">
  <ItemGroup>
    <Filter Include="源文件">
      <UniqueIdentifier>{4FC737F1-C7A5-4376-A066-2A32D752A2FF}</UniqueIdentifier>
      <Extensions>cpp;c;cc;cxx;def;odl;idl;hpj;bat;asm;asmx</Extensions>
    </Filter>
    <Filter Include="头文件">
      <UniqueIdentifier>{93995380-89BD-4b04-88EB-625FBE52EBFB}</UniqueIdentifier>
      <Extensions>h;hh;hpp;hxx;hm;inl;inc;xsd</Extensions>
    </Filter>
    <Filter Include="资源文件">
      <UniqueIdentifier>{67DA6AB6-F800-4c08-8B7A-83BB121AAD01}</UniqueIdentifier>
      <Extensions>rc;ico;cur;bmp;dlg;rc2;rct;bin;rgs;gif;jpg;jpeg;jpe;resx;tiff;tif;png;wav;mfcribbon-ms</Extensions>
    </Filter>
  </ItemGroup>
  <ItemGroup>
    <ClCompile Include="main.c">
      <Filter>源文件</Filter>
    </ClCompile>
    <ClCompile Include="chapter3_datatype_operator_expression.c">
      <Filter>源文件</Filter>
    </ClCompile>
    <ClCompile Include="chapter4_sequential_structure.c">
      <Filter>源文件</Filter>
    </ClCompile>
    <ClCompile Include="chapter5_select_structure.c">
      <Filter>源文件</Filter>
    </ClCompile>
    <ClCompile Include="chapter6_cyclic_structure.c">
      <Filter>源文件</Filter>
    </ClCompile>
    <ClCompile Include="chapter10_pointer.c">
      <Filter>源文件</Filter>
    </ClCompile>
    <ClCompile Include="chapter11_structure.c">
      <Filter>源文件</Filter>
    </ClCompile>
    <ClCompile Include="chapter13_file_operation.c">
      <Filter>源文件</Filter>
    </ClCompile>
    <ClCompile Include="prac_linked_list.c">
      <Filter>源文件</Filter>
    </ClCompile>
    <ClCompile Include="prac_string_function.c">
      <Filter>源文件</Filter>
    </ClCompile>
    <ClCompile Include="chapter7_array.c">
      <Filter>源文件</Filter>
    </ClCompile>
    <ClCompile Include="chapter8_function.c">
      <Filter>源文件</Filter>
    </ClCompile>
    <ClCompile Include="prac_examination.c">
      <Filter>源文件</Filter>
    </ClCompile>
    <ClCompile Include="program.c">
      <Filter>源文件</Filter>
    </ClCompile>
    <ClCompile Include="sort.c">
      <Filter>源文件</Filter>
    </ClCompile>
    <ClCompile Include="prac_classic_algorithm_100.c">
      <Filter>源文件</Filter>
    </ClCompile>
  </ItemGroup>
  <ItemGroup>
    <ClInclude Include="chapter3_datatype_operator_expression.h">
      <Filter>头文件</Filter>
    </ClInclude>
    <ClInclude Include="chapter4_sequential_structure.h">
      <Filter>头文件</Filter>
    </ClInclude>
    <ClInclude Include="chapter5_select_structure.h">
      <Filter>头文件</Filter>
    </ClInclude>
    <ClInclude Include="chapter6_cyclic_structure.h">
      <Filter>头文件</Filter>
    </ClInclude>
    <ClInclude Include="chapter10_pointer.h">
      <Filter>头文件</Filter>
    </ClInclude>
    <ClInclude Include="chapter11_structure.h">
      <Filter>头文件</Filter>
    </ClInclude>
    <ClInclude Include="chapter13_file_operation.h">
      <Filter>头文件</Filter>
    </ClInclude>
    <ClInclude Include="prac_linked_list.h">
      <Filter>头文件</Filter>
    </ClInclude>
    <ClInclude Include="prac_string_function.h">
      <Filter>头文件</Filter>
    </ClInclude>
    <ClInclude Include="chapter7_array.h">
      <Filter>头文件</Filter>
    </ClInclude>
    <ClInclude Include="chapter8_function.h">
      <Filter>头文件</Filter>
    </ClInclude>
    <ClInclude Include="prac_examination.h">
      <Filter>头文件</Filter>
    </ClInclude>
    <ClInclude Include="program.h">
      <Filter>头文件</Filter>
    </ClInclude>
    <ClInclude Include="sort.h">
      <Filter>头文件</Filter>
    </ClInclude>
    <ClInclude Include="prac_classic_algorithm_100.h">
      <Filter>头文件</Filter>
    </ClInclude>
  </ItemGroup>
</Project>